
Microsoft Visual Studio Solution File, Format Version 12.00
# Visual Studio Version 17
VisualStudioVersion = 17.10.34928.147
MinimumVisualStudioVersion = 10.0.40219.1
Project("{FAE04EC0-301F-11D3-BF4B-00C04F79EFBC}") = "Daily-Diary", "Daily-Diary\Daily-Diary.csproj", "{AD232AA2-B092-4A60-8F66-049B8BA77134}"
EndProject
Project("{2150E333-8FDC-42A3-9474-1A3956D46DE8}") = "Solution Items", "Solution Items", "{0F070740-4DBD-4C06-9CDB-A4D452B45394}"
	ProjectSection(SolutionItems) = preProject
		README.md = README.md
	EndProjectSection
EndProject
Project("{FAE04EC0-301F-11D3-BF4B-00C04F79EFBC}") = "Daily-DiaryTest", "Daily-DiaryTest\Daily-DiaryTest.csproj", "{F3465E52-9275-4D19-8704-EF98734B4782}"
EndProject
Global
	GlobalSection(SolutionConfigurationPlatforms) = preSolution
		Debug|Any CPU = Debug|Any CPU
		Release|Any CPU = Release|Any CPU
	EndGlobalSection
	GlobalSection(ProjectConfigurationPlatforms) = postSolution
		{AD232AA2-B092-4A60-8F66-049B8BA77134}.Debug|Any CPU.ActiveCfg = Debug|Any CPU
		{AD232AA2-B092-4A60-8F66-049B8BA77134}.Debug|Any CPU.Build.0 = Debug|Any CPU
		{AD232AA2-B092-4A60-8F66-049B8BA77134}.Release|Any CPU.ActiveCfg = Release|Any CPU
		{AD232AA2-B092-4A60-8F66-049B8BA77134}.Release|Any CPU.Build.0 = Release|Any CPU
		{F3465E52-9275-4D19-8704-EF98734B4782}.Debug|Any CPU.ActiveCfg = Debug|Any CPU
		{F3465E52-9275-4D19-8704-EF98734B4782}.Debug|Any CPU.Build.0 = Debug|Any CPU
		{F3465E52-9275-4D19-8704-EF98734B4782}.Release|Any CPU.ActiveCfg = Release|Any CPU
		{F3465E52-9275-4D19-8704-EF98734B4782}.Release|Any CPU.Build.0 = Release|Any CPU
	EndGlobalSection
	GlobalSection(SolutionProperties) = preSolution
		HideSolutionNode = FALSE
	EndGlobalSection
	GlobalSection(ExtensibilityGlobals) = postSolution
		SolutionGuid = {CA7203B5-200D-4DB5-B97A-74AED33B4685}
	EndGlobalSection
EndGlobal
